
Microsoft Visual Studio Solution File, Format Version 12.00
# Visual Studio Version 17
VisualStudioVersion = 17.4.33122.133
MinimumVisualStudioVersion = 10.0.40219.1
Project("{FAE04EC0-301F-11D3-BF4B-00C04F79EFBC}") = "AirconTemperatureControl", "HeaterTemperatureControl\AirconTemperatureControl.csproj", "{F5F48E3F-27CB-4491-B0CF-7EF53EFEF626}"
EndProject
Global
	GlobalSection(SolutionConfigurationPlatforms) = preSolution
		Debug|Any CPU = Debug|Any CPU
		Release|Any CPU = Release|Any CPU
	EndGlobalSection
	GlobalSection(ProjectConfigurationPlatforms) = postSolution
		{F5F48E3F-27CB-4491-B0CF-7EF53EFEF626}.Debug|Any CPU.ActiveCfg = Debug|Any CPU
		{F5F48E3F-27CB-4491-B0CF-7EF53EFEF626}.Debug|Any CPU.Build.0 = Debug|Any CPU
		{F5F48E3F-27CB-4491-B0CF-7EF53EFEF626}.Release|Any CPU.ActiveCfg = Release|Any CPU
		{F5F48E3F-27CB-4491-B0CF-7EF53EFEF626}.Release|Any CPU.Build.0 = Release|Any CPU
	EndGlobalSection
	GlobalSection(SolutionProperties) = preSolution
		HideSolutionNode = FALSE
	EndGlobalSection
	GlobalSection(ExtensibilityGlobals) = postSolution
		SolutionGuid = {1E3C0E8F-0FFE-43AE-AAD9-FB4FFE570834}
	EndGlobalSection
EndGlobal
